<?xml version="1.0" encoding="utf-8"?>
<Project ToolsVersion="4.0" xmlns="http://schemas.microsoft.com/developer/msbuild/2003">
  <ItemGroup>
    <Filter Include="Source Files">
      <UniqueIdentifier>{4FC737F1-C7A5-4376-A066-2A32D752A2FF}</UniqueIdentifier>
      <Extensions>cpp;c;cc;cxx;def;odl;idl;hpj;bat;asm;asmx</Extensions>
    </Filter>
    <Filter Include="Header Files">
      <UniqueIdentifier>{93995380-89BD-4b04-88EB-625FBE52EBFB}</UniqueIdentifier>
      <Extensions>h;hh;hpp;hxx;hm;inl;inc;xsd</Extensions>
    </Filter>
    <Filter Include="Resource Files">
      <UniqueIdentifier>{67DA6AB6-F800-4c08-8B7A-83BB121AAD01}</UniqueIdentifier>
      <Extensions>rc;ico;cur;bmp;dlg;rc2;rct;bin;rgs;gif;jpg;jpeg;jpe;resx;tiff;tif;png;wav;mfcribbon-ms</Extensions>
    </Filter>
    <Filter Include="Header Files\Physics">
      <UniqueIdentifier>{48f3dd17-2979-4a49-afaf-878bce524ed8}</UniqueIdentifier>
    </Filter>
    <Filter Include="Header Files\Physics\PhysicsObjects">
      <UniqueIdentifier>{677970b3-1ea9-4b31-9776-08cb630e70db}</UniqueIdentifier>
    </Filter>
    <Filter Include="Header Files\Physics\PhysicsObjects\RigidBodies">
      <UniqueIdentifier>{a8b3e7a3-852a-47ce-84e0-0a97f980634f}</UniqueIdentifier>
    </Filter>
    <Filter Include="Source Files\Physics">
      <UniqueIdentifier>{07b55a7f-cae3-49ae-a508-96f3a992983f}</UniqueIdentifier>
    </Filter>
    <Filter Include="Source Files\Physics\PhysicsObjects">
      <UniqueIdentifier>{1749e6f0-852f-413f-9022-5d4cbe532e15}</UniqueIdentifier>
    </Filter>
    <Filter Include="Source Files\Physics\PhysicsObjects\RigidBodies">
      <UniqueIdentifier>{867fb407-6f51-4a1a-9f68-cc684811570d}</UniqueIdentifier>
    </Filter>
    <Filter Include="Header Files\Physics\Helpers">
      <UniqueIdentifier>{ef6580ec-5eea-47f3-85d7-4bbec674d9df}</UniqueIdentifier>
    </Filter>
    <Filter Include="Source Files\Helpers">
      <UniqueIdentifier>{aab7b298-ec85-4ab1-87fe-63a4600304d8}</UniqueIdentifier>
    </Filter>
  </ItemGroup>
  <ItemGroup>
    <ClCompile Include="BreakOutApp.cpp">
      <Filter>Source Files</Filter>
    </ClCompile>
    <ClCompile Include="main.cpp">
      <Filter>Source Files</Filter>
    </ClCompile>
    <ClCompile Include="Box.cpp">
      <Filter>Source Files\Physics\PhysicsObjects\RigidBodies</Filter>
    </ClCompile>
    <ClCompile Include="Plane.cpp">
      <Filter>Source Files\Physics\PhysicsObjects</Filter>
    </ClCompile>
    <ClCompile Include="Sphere.cpp">
      <Filter>Source Files\Physics\PhysicsObjects\RigidBodies</Filter>
    </ClCompile>
    <ClCompile Include="PhysicsScene.cpp">
      <Filter>Source Files\Physics</Filter>
    </ClCompile>
    <ClCompile Include="Spring.cpp">
      <Filter>Source Files\Physics\PhysicsObjects</Filter>
    </ClCompile>
    <ClCompile Include="CollisionData.cpp">
      <Filter>Source Files\Helpers</Filter>
    </ClCompile>
    <ClCompile Include="RigidBody.cpp">
      <Filter>Source Files\Physics\PhysicsObjects\RigidBodies</Filter>
    </ClCompile>
  </ItemGroup>
  <ItemGroup>
    <ClInclude Include="BreakOutApp.h">
      <Filter>Header Files</Filter>
    </ClInclude>
    <ClInclude Include="PhysicsScene.h">
      <Filter>Header Files\Physics</Filter>
    </ClInclude>
    <ClInclude Include="Box.h">
      <Filter>Header Files\Physics\PhysicsObjects\RigidBodies</Filter>
    </ClInclude>
    <ClInclude Include="Sphere.h">
      <Filter>Header Files\Physics\PhysicsObjects\RigidBodies</Filter>
    </ClInclude>
    <ClInclude Include="Plane.h">
      <Filter>Header Files\Physics\PhysicsObjects</Filter>
    </ClInclude>
    <ClInclude Include="Spring.h">
      <Filter>Header Files\Physics\PhysicsObjects</Filter>
    </ClInclude>
    <ClInclude Include="ShapeEnum.h">
      <Filter>Header Files\Physics\Helpers</Filter>
    </ClInclude>
    <ClInclude Include="CollisionData.h">
      <Filter>Header Files\Physics\Helpers</Filter>
    </ClInclude>
    <ClInclude Include="RigidBody.h">
      <Filter>Header Files\Physics\PhysicsObjects\RigidBodies</Filter>
    </ClInclude>
    <ClInclude Include="PhysicsObject.h">
      <Filter>Header Files\Physics\PhysicsObjects</Filter>
    </ClInclude>
  </ItemGroup>
</Project>